
Microsoft Visual Studio Solution File, Format Version 12.00
# Visual Studio Version 17
VisualStudioVersion = 17.7.34018.315
MinimumVisualStudioVersion = 10.0.40219.1
Project("{2150E333-8FDC-42A3-9474-1A3956D46DE8}") = "Tests", "Tests", "{D3E038BB-5539-428B-92DA-FB1CB46341BA}"
EndProject
Project("{9A19103F-16F7-4668-BE54-9A1E7A4F7556}") = "Dotnet.MiniJira.Domain", "Dotnet.MiniJira.Domain\Dotnet.MiniJira.Domain.csproj", "{0D6DDC79-4CB8-41C6-8532-F72AE9238B5E}"
EndProject
Project("{9A19103F-16F7-4668-BE54-9A1E7A4F7556}") = "Dotnet.MiniJira.Infrastructure", "Dotnet.MiniJira.Infrastructure\Dotnet.MiniJira.Infrastructure.csproj", "{E03BF33D-253A-4CFC-B244-0D40D3FD78FE}"
EndProject
Project("{9A19103F-16F7-4668-BE54-9A1E7A4F7556}") = "Dotnet.MiniJira.Tests", "Dotnet.MiniJira.Tests\Dotnet.MiniJira.Tests.csproj", "{D9841BD1-026F-4F58-8336-4C358F95F810}"
EndProject
Project("{9A19103F-16F7-4668-BE54-9A1E7A4F7556}") = "Dotnet.MiniJira.Application", "Dotnet.MiniJira.Application\Dotnet.MiniJira.Application.csproj", "{1F90928B-F749-4B48-A523-B1975AD00D8E}"
EndProject
Project("{2150E333-8FDC-42A3-9474-1A3956D46DE8}") = "Docker files", "Docker files", "{CDAC6909-190F-49AA-806F-F959E15E45FB}"
EndProject
Project("{9A19103F-16F7-4668-BE54-9A1E7A4F7556}") = "Dotnet.MiniJira.API", "Dotnet.MiniJira.API\Dotnet.MiniJira.API.csproj", "{B1011620-680D-44FC-A1DF-9519DFC762CE}"
EndProject
Project("{2150E333-8FDC-42A3-9474-1A3956D46DE8}") = "Docs", "Docs", "{BA694F59-F481-487D-B551-E03225F88763}"
	ProjectSection(SolutionItems) = preProject
		..\Net Core Developer Assessment.docx = ..\Net Core Developer Assessment.docx
	EndProjectSection
EndProject
Global
	GlobalSection(SolutionConfigurationPlatforms) = preSolution
		Debug|Any CPU = Debug|Any CPU
		Release|Any CPU = Release|Any CPU
	EndGlobalSection
	GlobalSection(ProjectConfigurationPlatforms) = postSolution
		{0D6DDC79-4CB8-41C6-8532-F72AE9238B5E}.Debug|Any CPU.ActiveCfg = Debug|Any CPU
		{0D6DDC79-4CB8-41C6-8532-F72AE9238B5E}.Debug|Any CPU.Build.0 = Debug|Any CPU
		{0D6DDC79-4CB8-41C6-8532-F72AE9238B5E}.Release|Any CPU.ActiveCfg = Release|Any CPU
		{0D6DDC79-4CB8-41C6-8532-F72AE9238B5E}.Release|Any CPU.Build.0 = Release|Any CPU
		{E03BF33D-253A-4CFC-B244-0D40D3FD78FE}.Debug|Any CPU.ActiveCfg = Debug|Any CPU
		{E03BF33D-253A-4CFC-B244-0D40D3FD78FE}.Debug|Any CPU.Build.0 = Debug|Any CPU
		{E03BF33D-253A-4CFC-B244-0D40D3FD78FE}.Release|Any CPU.ActiveCfg = Release|Any CPU
		{E03BF33D-253A-4CFC-B244-0D40D3FD78FE}.Release|Any CPU.Build.0 = Release|Any CPU
		{D9841BD1-026F-4F58-8336-4C358F95F810}.Debug|Any CPU.ActiveCfg = Debug|Any CPU
		{D9841BD1-026F-4F58-8336-4C358F95F810}.Debug|Any CPU.Build.0 = Debug|Any CPU
		{D9841BD1-026F-4F58-8336-4C358F95F810}.Release|Any CPU.ActiveCfg = Release|Any CPU
		{D9841BD1-026F-4F58-8336-4C358F95F810}.Release|Any CPU.Build.0 = Release|Any CPU
		{1F90928B-F749-4B48-A523-B1975AD00D8E}.Debug|Any CPU.ActiveCfg = Debug|Any CPU
		{1F90928B-F749-4B48-A523-B1975AD00D8E}.Debug|Any CPU.Build.0 = Debug|Any CPU
		{1F90928B-F749-4B48-A523-B1975AD00D8E}.Release|Any CPU.ActiveCfg = Release|Any CPU
		{1F90928B-F749-4B48-A523-B1975AD00D8E}.Release|Any CPU.Build.0 = Release|Any CPU
		{B1011620-680D-44FC-A1DF-9519DFC762CE}.Debug|Any CPU.ActiveCfg = Debug|Any CPU
		{B1011620-680D-44FC-A1DF-9519DFC762CE}.Debug|Any CPU.Build.0 = Debug|Any CPU
		{B1011620-680D-44FC-A1DF-9519DFC762CE}.Release|Any CPU.ActiveCfg = Release|Any CPU
		{B1011620-680D-44FC-A1DF-9519DFC762CE}.Release|Any CPU.Build.0 = Release|Any CPU
	EndGlobalSection
	GlobalSection(SolutionProperties) = preSolution
		HideSolutionNode = FALSE
	EndGlobalSection
	GlobalSection(NestedProjects) = preSolution
		{D9841BD1-026F-4F58-8336-4C358F95F810} = {D3E038BB-5539-428B-92DA-FB1CB46341BA}
	EndGlobalSection
	GlobalSection(ExtensibilityGlobals) = postSolution
		SolutionGuid = {BD9BB5B7-13E6-4EE6-8387-A03B3C5C7E8A}
	EndGlobalSection
EndGlobal
